
Microsoft Visual Studio Solution File, Format Version 12.00
# Visual Studio Version 17
VisualStudioVersion = 17.7.34003.232
MinimumVisualStudioVersion = 10.0.40219.1
Project("{9A19103F-16F7-4668-BE54-9A1E7A4F7556}") = "CodeCraftingTips.GoogleCaptcha", "CodeCraftingTips.GoogleCaptcha\CodeCraftingTips.GoogleCaptcha.csproj", "{F21DAED6-CC03-411F-927B-D04B2C4CF811}"
EndProject
Project("{2150E333-8FDC-42A3-9474-1A3956D46DE8}") = "Solution Items", "Solution Items", "{11A5C5C8-FC89-44D0-A3EB-14E189B125D2}"
	ProjectSection(SolutionItems) = preProject
		.dockerignore = .dockerignore
		.editorconfig = .editorconfig
		.gitignore = .gitignore
		LICENSE = LICENSE
		README.md = README.md
	EndProjectSection
EndProject
Global
	GlobalSection(SolutionConfigurationPlatforms) = preSolution
		Debug|Any CPU = Debug|Any CPU
		Release|Any CPU = Release|Any CPU
	EndGlobalSection
	GlobalSection(ProjectConfigurationPlatforms) = postSolution
		{F21DAED6-CC03-411F-927B-D04B2C4CF811}.Debug|Any CPU.ActiveCfg = Debug|Any CPU
		{F21DAED6-CC03-411F-927B-D04B2C4CF811}.Debug|Any CPU.Build.0 = Debug|Any CPU
		{F21DAED6-CC03-411F-927B-D04B2C4CF811}.Release|Any CPU.ActiveCfg = Release|Any CPU
		{F21DAED6-CC03-411F-927B-D04B2C4CF811}.Release|Any CPU.Build.0 = Release|Any CPU
	EndGlobalSection
	GlobalSection(SolutionProperties) = preSolution
		HideSolutionNode = FALSE
	EndGlobalSection
	GlobalSection(ExtensibilityGlobals) = postSolution
		SolutionGuid = {D933FC8C-6373-4528-807C-FBB161F48A5F}
	EndGlobalSection
EndGlobal
